
Microsoft Visual Studio Solution File, Format Version 12.00
# Visual Studio Version 17
VisualStudioVersion = 17.7.34031.279
MinimumVisualStudioVersion = 10.0.40219.1
Project("{FAE04EC0-301F-11D3-BF4B-00C04F79EFBC}") = "Module12Practice", "Module12Practice\Module12Practice.csproj", "{3FD768D4-4464-4079-8802-997828D79468}"
EndProject
Global
	GlobalSection(SolutionConfigurationPlatforms) = preSolution
		Debug|Any CPU = Debug|Any CPU
		Release|Any CPU = Release|Any CPU
	EndGlobalSection
	GlobalSection(ProjectConfigurationPlatforms) = postSolution
		{3FD768D4-4464-4079-8802-997828D79468}.Debug|Any CPU.ActiveCfg = Debug|Any CPU
		{3FD768D4-4464-4079-8802-997828D79468}.Debug|Any CPU.Build.0 = Debug|Any CPU
		{3FD768D4-4464-4079-8802-997828D79468}.Release|Any CPU.ActiveCfg = Release|Any CPU
		{3FD768D4-4464-4079-8802-997828D79468}.Release|Any CPU.Build.0 = Release|Any CPU
	EndGlobalSection
	GlobalSection(SolutionProperties) = preSolution
		HideSolutionNode = FALSE
	EndGlobalSection
	GlobalSection(ExtensibilityGlobals) = postSolution
		SolutionGuid = {CF202B0A-9357-4B6F-BCB4-1E36A6EF616B}
	EndGlobalSection
EndGlobal
